// !$*UTF8*$!
{
	archiveVersion = 1;
	classes = {
	};
	objectVersion = 51;
	objects = {

/* Begin PBXBuildFile section */
		270BC408A81F23064A2CC4F5 /* Pods_Landmark_RemarkTests.framework in Frameworks */ = {isa = PBXBuildFile; fileRef = 83FFE7F66AD547538D9C15BB /* Pods_Landmark_RemarkTests.framework */; };
		534C8D22EA17800AD6DE0ADA /* Pods_Landmark_Remark.framework in Frameworks */ = {isa = PBXBuildFile; fileRef = A671BA5E61B2C30655F42C4C /* Pods_Landmark_Remark.framework */; };
		80FEF33A3B8AC75485CE4D41 /* Pods_Landmark_RemarkUITests.framework in Frameworks */ = {isa = PBXBuildFile; fileRef = 46CE06CC0707622556B1FE63 /* Pods_Landmark_RemarkUITests.framework */; };
		848E8BBB23A01727009082BB /* AppDelegate.swift in Sources */ = {isa = PBXBuildFile; fileRef = 848E8BBA23A01727009082BB /* AppDelegate.swift */; };
		848E8BBD23A01727009082BB /* SceneDelegate.swift in Sources */ = {isa = PBXBuildFile; fileRef = 848E8BBC23A01727009082BB /* SceneDelegate.swift */; };
		848E8BC223A01727009082BB /* Main.storyboard in Resources */ = {isa = PBXBuildFile; fileRef = 848E8BC023A01727009082BB /* Main.storyboard */; };
		848E8BC423A0172A009082BB /* Assets.xcassets in Resources */ = {isa = PBXBuildFile; fileRef = 848E8BC323A0172A009082BB /* Assets.xcassets */; };
		848E8BC723A0172B009082BB /* LaunchScreen.storyboard in Resources */ = {isa = PBXBuildFile; fileRef = 848E8BC523A0172B009082BB /* LaunchScreen.storyboard */; };
		848E8BD223A0172B009082BB /* Landmark_RemarkTests.swift in Sources */ = {isa = PBXBuildFile; fileRef = 848E8BD123A0172B009082BB /* Landmark_RemarkTests.swift */; };
		848E8BDD23A0172B009082BB /* Landmark_RemarkUITests.swift in Sources */ = {isa = PBXBuildFile; fileRef = 848E8BDC23A0172B009082BB /* Landmark_RemarkUITests.swift */; };
		848E8BEB23A01745009082BB /* LoginViewController.swift in Sources */ = {isa = PBXBuildFile; fileRef = 848E8BEA23A01745009082BB /* LoginViewController.swift */; };
		848E8BED23A01755009082BB /* SignupViewController.swift in Sources */ = {isa = PBXBuildFile; fileRef = 848E8BEC23A01755009082BB /* SignupViewController.swift */; };
		848E8BEF23A01761009082BB /* HomeViewController.swift in Sources */ = {isa = PBXBuildFile; fileRef = 848E8BEE23A01761009082BB /* HomeViewController.swift */; };
		8492DE4E23A61E9A004F47FF /* CreateNoteViewController.swift in Sources */ = {isa = PBXBuildFile; fileRef = 8492DE4D23A61E9A004F47FF /* CreateNoteViewController.swift */; };
		8492DE5423A66AC0004F47FF /* UIView + ActivityIndicator.swift in Sources */ = {isa = PBXBuildFile; fileRef = 8492DE5323A66AC0004F47FF /* UIView + ActivityIndicator.swift */; };
		84C3A18223A02BA900B7D638 /* InitialViewController.swift in Sources */ = {isa = PBXBuildFile; fileRef = 84C3A18123A02BA900B7D638 /* InitialViewController.swift */; };
		84C3A18423A035E100B7D638 /* GoogleService-Info.plist in Resources */ = {isa = PBXBuildFile; fileRef = 84C3A18323A035E100B7D638 /* GoogleService-Info.plist */; };
		84C3A18623A0363200B7D638 /* Podfile in Resources */ = {isa = PBXBuildFile; fileRef = 84C3A18523A0363200B7D638 /* Podfile */; };
		84C3A18B23A3DCDF00B7D638 /* DBNote.swift in Sources */ = {isa = PBXBuildFile; fileRef = 84C3A18A23A3DCDF00B7D638 /* DBNote.swift */; };
		84C3A18D23A3E22700B7D638 /* Constants.swift in Sources */ = {isa = PBXBuildFile; fileRef = 84C3A18C23A3E22700B7D638 /* Constants.swift */; };
		84C3A18F23A3E31700B7D638 /* Utilities.swift in Sources */ = {isa = PBXBuildFile; fileRef = 84C3A18E23A3E31700B7D638 /* Utilities.swift */; };
		84C3A19523A3E54B00B7D638 /* NotesAnnotationView.swift in Sources */ = {isa = PBXBuildFile; fileRef = 84C3A19123A3E54B00B7D638 /* NotesAnnotationView.swift */; };
		84C3A19623A3E54B00B7D638 /* NoteDetailMapView.xib in Resources */ = {isa = PBXBuildFile; fileRef = 84C3A19223A3E54B00B7D638 /* NoteDetailMapView.xib */; };
		84C3A19723A3E54B00B7D638 /* NoteDetailMapView.swift in Sources */ = {isa = PBXBuildFile; fileRef = 84C3A19323A3E54B00B7D638 /* NoteDetailMapView.swift */; };
		84C3A19823A3E54B00B7D638 /* NoteAnnotation.swift in Sources */ = {isa = PBXBuildFile; fileRef = 84C3A19423A3E54B00B7D638 /* NoteAnnotation.swift */; };
/* End PBXBuildFile section */

/* Begin PBXContainerItemProxy section */
		848E8BCE23A0172B009082BB /* PBXContainerItemProxy */ = {
			isa = PBXContainerItemProxy;
			containerPortal = 848E8BAF23A01727009082BB /* Project object */;
			proxyType = 1;
			remoteGlobalIDString = 848E8BB623A01727009082BB;
			remoteInfo = "Landmark Remark";
		};
		848E8BD923A0172B009082BB /* PBXContainerItemProxy */ = {
			isa = PBXContainerItemProxy;
			containerPortal = 848E8BAF23A01727009082BB /* Project object */;
			proxyType = 1;
			remoteGlobalIDString = 848E8BB623A01727009082BB;
			remoteInfo = "Landmark Remark";
		};
/* End PBXContainerItemProxy section */

/* Begin PBXFileReference section */
		1A1F77771146FED004F48AAB /* Pods-Landmark Remark.debug.xcconfig */ = {isa = PBXFileReference; includeInIndex = 1; lastKnownFileType = text.xcconfig; name = "Pods-Landmark Remark.debug.xcconfig"; path = "Target Support Files/Pods-Landmark Remark/Pods-Landmark Remark.debug.xcconfig"; sourceTree = "<group>"; };
		46CE06CC0707622556B1FE63 /* Pods_Landmark_RemarkUITests.framework */ = {isa = PBXFileReference; explicitFileType = wrapper.framework; includeInIndex = 0; path = Pods_Landmark_RemarkUITests.framework; sourceTree = BUILT_PRODUCTS_DIR; };
		56841010D7A2A1F1138D84DD /* Pods-Landmark RemarkUITests.debug.xcconfig */ = {isa = PBXFileReference; includeInIndex = 1; lastKnownFileType = text.xcconfig; name = "Pods-Landmark RemarkUITests.debug.xcconfig"; path = "Target Support Files/Pods-Landmark RemarkUITests/Pods-Landmark RemarkUITests.debug.xcconfig"; sourceTree = "<group>"; };
		83FFE7F66AD547538D9C15BB /* Pods_Landmark_RemarkTests.framework */ = {isa = PBXFileReference; explicitFileType = wrapper.framework; includeInIndex = 0; path = Pods_Landmark_RemarkTests.framework; sourceTree = BUILT_PRODUCTS_DIR; };
		848E8BB723A01727009082BB /* Landmark Remark.app */ = {isa = PBXFileReference; explicitFileType = wrapper.application; includeInIndex = 0; path = "Landmark Remark.app"; sourceTree = BUILT_PRODUCTS_DIR; };
		848E8BBA23A01727009082BB /* AppDelegate.swift */ = {isa = PBXFileReference; lastKnownFileType = sourcecode.swift; path = AppDelegate.swift; sourceTree = "<group>"; };
		848E8BBC23A01727009082BB /* SceneDelegate.swift */ = {isa = PBXFileReference; lastKnownFileType = sourcecode.swift; path = SceneDelegate.swift; sourceTree = "<group>"; };
		848E8BC123A01727009082BB /* Base */ = {isa = PBXFileReference; lastKnownFileType = file.storyboard; name = Base; path = Base.lproj/Main.storyboard; sourceTree = "<group>"; };
		848E8BC323A0172A009082BB /* Assets.xcassets */ = {isa = PBXFileReference; lastKnownFileType = folder.assetcatalog; path = Assets.xcassets; sourceTree = "<group>"; };
		848E8BC623A0172B009082BB /* Base */ = {isa = PBXFileReference; lastKnownFileType = file.storyboard; name = Base; path = Base.lproj/LaunchScreen.storyboard; sourceTree = "<group>"; };
		848E8BC823A0172B009082BB /* Info.plist */ = {isa = PBXFileReference; lastKnownFileType = text.plist.xml; path = Info.plist; sourceTree = "<group>"; };
		848E8BCD23A0172B009082BB /* Landmark RemarkTests.xctest */ = {isa = PBXFileReference; explicitFileType = wrapper.cfbundle; includeInIndex = 0; path = "Landmark RemarkTests.xctest"; sourceTree = BUILT_PRODUCTS_DIR; };
		848E8BD123A0172B009082BB /* Landmark_RemarkTests.swift */ = {isa = PBXFileReference; lastKnownFileType = sourcecode.swift; path = Landmark_RemarkTests.swift; sourceTree = "<group>"; };
		848E8BD323A0172B009082BB /* Info.plist */ = {isa = PBXFileReference; lastKnownFileType = text.plist.xml; path = Info.plist; sourceTree = "<group>"; };
		848E8BD823A0172B009082BB /* Landmark RemarkUITests.xctest */ = {isa = PBXFileReference; explicitFileType = wrapper.cfbundle; includeInIndex = 0; path = "Landmark RemarkUITests.xctest"; sourceTree = BUILT_PRODUCTS_DIR; };
		848E8BDC23A0172B009082BB /* Landmark_RemarkUITests.swift */ = {isa = PBXFileReference; lastKnownFileType = sourcecode.swift; path = Landmark_RemarkUITests.swift; sourceTree = "<group>"; };
		848E8BDE23A0172B009082BB /* Info.plist */ = {isa = PBXFileReference; lastKnownFileType = text.plist.xml; path = Info.plist; sourceTree = "<group>"; };
		848E8BEA23A01745009082BB /* LoginViewController.swift */ = {isa = PBXFileReference; lastKnownFileType = sourcecode.swift; path = LoginViewController.swift; sourceTree = "<group>"; };
		848E8BEC23A01755009082BB /* SignupViewController.swift */ = {isa = PBXFileReference; lastKnownFileType = sourcecode.swift; path = SignupViewController.swift; sourceTree = "<group>"; };
		848E8BEE23A01761009082BB /* HomeViewController.swift */ = {isa = PBXFileReference; lastKnownFileType = sourcecode.swift; path = HomeViewController.swift; sourceTree = "<group>"; };
		8492DE4D23A61E9A004F47FF /* CreateNoteViewController.swift */ = {isa = PBXFileReference; lastKnownFileType = sourcecode.swift; path = CreateNoteViewController.swift; sourceTree = "<group>"; };
		8492DE5323A66AC0004F47FF /* UIView + ActivityIndicator.swift */ = {isa = PBXFileReference; lastKnownFileType = sourcecode.swift; path = "UIView + ActivityIndicator.swift"; sourceTree = "<group>"; };
		84C3A18123A02BA900B7D638 /* InitialViewController.swift */ = {isa = PBXFileReference; lastKnownFileType = sourcecode.swift; path = InitialViewController.swift; sourceTree = "<group>"; };
		84C3A18323A035E100B7D638 /* GoogleService-Info.plist */ = {isa = PBXFileReference; fileEncoding = 4; lastKnownFileType = text.plist.xml; path = "GoogleService-Info.plist"; sourceTree = "<group>"; };
		84C3A18523A0363200B7D638 /* Podfile */ = {isa = PBXFileReference; fileEncoding = 4; lastKnownFileType = text; path = Podfile; sourceTree = "<group>"; xcLanguageSpecificationIdentifier = xcode.lang.ruby; };
		84C3A18A23A3DCDF00B7D638 /* DBNote.swift */ = {isa = PBXFileReference; lastKnownFileType = sourcecode.swift; path = DBNote.swift; sourceTree = "<group>"; };
		84C3A18C23A3E22700B7D638 /* Constants.swift */ = {isa = PBXFileReference; lastKnownFileType = sourcecode.swift; path = Constants.swift; sourceTree = "<group>"; };
		84C3A18E23A3E31700B7D638 /* Utilities.swift */ = {isa = PBXFileReference; lastKnownFileType = sourcecode.swift; path = Utilities.swift; sourceTree = "<group>"; };
		84C3A19123A3E54B00B7D638 /* NotesAnnotationView.swift */ = {isa = PBXFileReference; fileEncoding = 4; lastKnownFileType = sourcecode.swift; path = NotesAnnotationView.swift; sourceTree = "<group>"; };
		84C3A19223A3E54B00B7D638 /* NoteDetailMapView.xib */ = {isa = PBXFileReference; fileEncoding = 4; lastKnownFileType = file.xib; path = NoteDetailMapView.xib; sourceTree = "<group>"; };
		84C3A19323A3E54B00B7D638 /* NoteDetailMapView.swift */ = {isa = PBXFileReference; fileEncoding = 4; lastKnownFileType = sourcecode.swift; path = NoteDetailMapView.swift; sourceTree = "<group>"; };
		84C3A19423A3E54B00B7D638 /* NoteAnnotation.swift */ = {isa = PBXFileReference; fileEncoding = 4; lastKnownFileType = sourcecode.swift; path = NoteAnnotation.swift; sourceTree = "<group>"; };
		A671BA5E61B2C30655F42C4C /* Pods_Landmark_Remark.framework */ = {isa = PBXFileReference; explicitFileType = wrapper.framework; includeInIndex = 0; path = Pods_Landmark_Remark.framework; sourceTree = BUILT_PRODUCTS_DIR; };
		B9CCCFD010884838D5D0933B /* Pods-Landmark Remark.release.xcconfig */ = {isa = PBXFileReference; includeInIndex = 1; lastKnownFileType = text.xcconfig; name = "Pods-Landmark Remark.release.xcconfig"; path = "Target Support Files/Pods-Landmark Remark/Pods-Landmark Remark.release.xcconfig"; sourceTree = "<group>"; };
		CFFE6D5F5303B551E51ABFC1 /* Pods-Landmark RemarkTests.release.xcconfig */ = {isa = PBXFileReference; includeInIndex = 1; lastKnownFileType = text.xcconfig; name = "Pods-Landmark RemarkTests.release.xcconfig"; path = "Target Support Files/Pods-Landmark RemarkTests/Pods-Landmark RemarkTests.release.xcconfig"; sourceTree = "<group>"; };
		E1310756F2A6810A6533B5CE /* Pods-Landmark RemarkUITests.release.xcconfig */ = {isa = PBXFileReference; includeInIndex = 1; lastKnownFileType = text.xcconfig; name = "Pods-Landmark RemarkUITests.release.xcconfig"; path = "Target Support Files/Pods-Landmark RemarkUITests/Pods-Landmark RemarkUITests.release.xcconfig"; sourceTree = "<group>"; };
		E3B2998A9769AA6D9D0322AB /* Pods-Landmark RemarkTests.debug.xcconfig */ = {isa = PBXFileReference; includeInIndex = 1; lastKnownFileType = text.xcconfig; name = "Pods-Landmark RemarkTests.debug.xcconfig"; path = "Target Support Files/Pods-Landmark RemarkTests/Pods-Landmark RemarkTests.debug.xcconfig"; sourceTree = "<group>"; };
/* End PBXFileReference section */

/* Begin PBXFrameworksBuildPhase section */
		848E8BB423A01727009082BB /* Frameworks */ = {
			isa = PBXFrameworksBuildPhase;
			buildActionMask = 2147483647;
			files = (
				534C8D22EA17800AD6DE0ADA /* Pods_Landmark_Remark.framework in Frameworks */,
			);
			runOnlyForDeploymentPostprocessing = 0;
		};
		848E8BCA23A0172B009082BB /* Frameworks */ = {
			isa = PBXFrameworksBuildPhase;
			buildActionMask = 2147483647;
			files = (
				270BC408A81F23064A2CC4F5 /* Pods_Landmark_RemarkTests.framework in Frameworks */,
			);
			runOnlyForDeploymentPostprocessing = 0;
		};
		848E8BD523A0172B009082BB /* Frameworks */ = {
			isa = PBXFrameworksBuildPhase;
			buildActionMask = 2147483647;
			files = (
				80FEF33A3B8AC75485CE4D41 /* Pods_Landmark_RemarkUITests.framework in Frameworks */,
			);
			runOnlyForDeploymentPostprocessing = 0;
		};
/* End PBXFrameworksBuildPhase section */

/* Begin PBXGroup section */
		848E8BAE23A01727009082BB = {
			isa = PBXGroup;
			children = (
				84C3A18523A0363200B7D638 /* Podfile */,
				848E8BB923A01727009082BB /* Landmark Remark */,
				848E8BD023A0172B009082BB /* Landmark RemarkTests */,
				848E8BDB23A0172B009082BB /* Landmark RemarkUITests */,
				848E8BB823A01727009082BB /* Products */,
				DFAE25A483CEC45C88E085F6 /* Pods */,
				987ABC0A5B5B34ECE7AEF395 /* Frameworks */,
			);
			sourceTree = "<group>";
		};
		848E8BB823A01727009082BB /* Products */ = {
			isa = PBXGroup;
			children = (
				848E8BB723A01727009082BB /* Landmark Remark.app */,
				848E8BCD23A0172B009082BB /* Landmark RemarkTests.xctest */,
				848E8BD823A0172B009082BB /* Landmark RemarkUITests.xctest */,
			);
			name = Products;
			sourceTree = "<group>";
		};
		848E8BB923A01727009082BB /* Landmark Remark */ = {
			isa = PBXGroup;
			children = (
				84C3A19023A3E54B00B7D638 /* CustomViewNoteAnnotation */,
				84C3A18723A3D83D00B7D638 /* Models */,
				84C3A17C23A0299F00B7D638 /* Helpers */,
				848E8BF023A017A4009082BB /* View Controllers */,
				848E8BBA23A01727009082BB /* AppDelegate.swift */,
				848E8BBC23A01727009082BB /* SceneDelegate.swift */,
				848E8BC023A01727009082BB /* Main.storyboard */,
				848E8BC323A0172A009082BB /* Assets.xcassets */,
				848E8BC523A0172B009082BB /* LaunchScreen.storyboard */,
				84C3A18323A035E100B7D638 /* GoogleService-Info.plist */,
				848E8BC823A0172B009082BB /* Info.plist */,
			);
			path = "Landmark Remark";
			sourceTree = "<group>";
		};
		848E8BD023A0172B009082BB /* Landmark RemarkTests */ = {
			isa = PBXGroup;
			children = (
				848E8BD123A0172B009082BB /* Landmark_RemarkTests.swift */,
				848E8BD323A0172B009082BB /* Info.plist */,
			);
			path = "Landmark RemarkTests";
			sourceTree = "<group>";
		};
		848E8BDB23A0172B009082BB /* Landmark RemarkUITests */ = {
			isa = PBXGroup;
			children = (
				848E8BDC23A0172B009082BB /* Landmark_RemarkUITests.swift */,
				848E8BDE23A0172B009082BB /* Info.plist */,
			);
			path = "Landmark RemarkUITests";
			sourceTree = "<group>";
		};
		848E8BF023A017A4009082BB /* View Controllers */ = {
			isa = PBXGroup;
			children = (
				848E8BEA23A01745009082BB /* LoginViewController.swift */,
				848E8BEC23A01755009082BB /* SignupViewController.swift */,
				848E8BEE23A01761009082BB /* HomeViewController.swift */,
				84C3A18123A02BA900B7D638 /* InitialViewController.swift */,
				8492DE4D23A61E9A004F47FF /* CreateNoteViewController.swift */,
			);
			path = "View Controllers";
			sourceTree = "<group>";
		};
		84C3A17C23A0299F00B7D638 /* Helpers */ = {
			isa = PBXGroup;
			children = (
				84C3A18C23A3E22700B7D638 /* Constants.swift */,
				84C3A18E23A3E31700B7D638 /* Utilities.swift */,
				8492DE5323A66AC0004F47FF /* UIView + ActivityIndicator.swift */,
			);
			path = Helpers;
			sourceTree = "<group>";
		};
		84C3A18723A3D83D00B7D638 /* Models */ = {
			isa = PBXGroup;
			children = (
				84C3A18A23A3DCDF00B7D638 /* DBNote.swift */,
			);
			path = Models;
			sourceTree = "<group>";
		};
		84C3A19023A3E54B00B7D638 /* CustomViewNoteAnnotation */ = {
			isa = PBXGroup;
			children = (
				84C3A19123A3E54B00B7D638 /* NotesAnnotationView.swift */,
				84C3A19223A3E54B00B7D638 /* NoteDetailMapView.xib */,
				84C3A19323A3E54B00B7D638 /* NoteDetailMapView.swift */,
				84C3A19423A3E54B00B7D638 /* NoteAnnotation.swift */,
			);
			path = CustomViewNoteAnnotation;
			sourceTree = "<group>";
		};
		987ABC0A5B5B34ECE7AEF395 /* Frameworks */ = {
			isa = PBXGroup;
			children = (
				A671BA5E61B2C30655F42C4C /* Pods_Landmark_Remark.framework */,
				83FFE7F66AD547538D9C15BB /* Pods_Landmark_RemarkTests.framework */,
				46CE06CC0707622556B1FE63 /* Pods_Landmark_RemarkUITests.framework */,
			);
			name = Frameworks;
			sourceTree = "<group>";
		};
		DFAE25A483CEC45C88E085F6 /* Pods */ = {
			isa = PBXGroup;
			children = (
				1A1F77771146FED004F48AAB /* Pods-Landmark Remark.debug.xcconfig */,
				B9CCCFD010884838D5D0933B /* Pods-Landmark Remark.release.xcconfig */,
				E3B2998A9769AA6D9D0322AB /* Pods-Landmark RemarkTests.debug.xcconfig */,
				CFFE6D5F5303B551E51ABFC1 /* Pods-Landmark RemarkTests.release.xcconfig */,
				56841010D7A2A1F1138D84DD /* Pods-Landmark RemarkUITests.debug.xcconfig */,
				E1310756F2A6810A6533B5CE /* Pods-Landmark RemarkUITests.release.xcconfig */,
			);
			path = Pods;
			sourceTree = "<group>";
		};
/* End PBXGroup section */

/* Begin PBXNativeTarget section */
		848E8BB623A01727009082BB /* Landmark Remark */ = {
			isa = PBXNativeTarget;
			buildConfigurationList = 848E8BE123A0172B009082BB /* Build configuration list for PBXNativeTarget "Landmark Remark" */;
			buildPhases = (
				F5FA44F3E4FE1434489D0AED /* [CP] Check Pods Manifest.lock */,
				848E8BB323A01727009082BB /* Sources */,
				848E8BB423A01727009082BB /* Frameworks */,
				848E8BB523A01727009082BB /* Resources */,
				6EDF77B7063AAA23E136CFB9 /* [CP] Embed Pods Frameworks */,
			);
			buildRules = (
			);
			dependencies = (
			);
			name = "Landmark Remark";
			productName = "Landmark Remark";
			productReference = 848E8BB723A01727009082BB /* Landmark Remark.app */;
			productType = "com.apple.product-type.application";
		};
		848E8BCC23A0172B009082BB /* Landmark RemarkTests */ = {
			isa = PBXNativeTarget;
			buildConfigurationList = 848E8BE423A0172B009082BB /* Build configuration list for PBXNativeTarget "Landmark RemarkTests" */;
			buildPhases = (
				112427E1DA6A79ACC16AF334 /* [CP] Check Pods Manifest.lock */,
				848E8BC923A0172B009082BB /* Sources */,
				848E8BCA23A0172B009082BB /* Frameworks */,
				848E8BCB23A0172B009082BB /* Resources */,
			);
			buildRules = (
			);
			dependencies = (
				848E8BCF23A0172B009082BB /* PBXTargetDependency */,
			);
			name = "Landmark RemarkTests";
			productName = "Landmark RemarkTests";
			productReference = 848E8BCD23A0172B009082BB /* Landmark RemarkTests.xctest */;
			productType = "com.apple.product-type.bundle.unit-test";
		};
		848E8BD723A0172B009082BB /* Landmark RemarkUITests */ = {
			isa = PBXNativeTarget;
			buildConfigurationList = 848E8BE723A0172B009082BB /* Build configuration list for PBXNativeTarget "Landmark RemarkUITests" */;
			buildPhases = (
				13271B837A283C8089CB2087 /* [CP] Check Pods Manifest.lock */,
				848E8BD423A0172B009082BB /* Sources */,
				848E8BD523A0172B009082BB /* Frameworks */,
				848E8BD623A0172B009082BB /* Resources */,
			);
			buildRules = (
			);
			dependencies = (
				848E8BDA23A0172B009082BB /* PBXTargetDependency */,
			);
			name = "Landmark RemarkUITests";
			productName = "Landmark RemarkUITests";
			productReference = 848E8BD823A0172B009082BB /* Landmark RemarkUITests.xctest */;
			productType = "com.apple.product-type.bundle.ui-testing";
		};
/* End PBXNativeTarget section */

/* Begin PBXProject section */
		848E8BAF23A01727009082BB /* Project object */ = {
			isa = PBXProject;
			attributes = {
				LastSwiftUpdateCheck = 1120;
				LastUpgradeCheck = 1120;
				ORGANIZATIONNAME = "Ahmad Waqas";
				TargetAttributes = {
					848E8BB623A01727009082BB = {
						CreatedOnToolsVersion = 11.2.1;
					};
					848E8BCC23A0172B009082BB = {
						CreatedOnToolsVersion = 11.2.1;
						TestTargetID = 848E8BB623A01727009082BB;
					};
					848E8BD723A0172B009082BB = {
						CreatedOnToolsVersion = 11.2.1;
						TestTargetID = 848E8BB623A01727009082BB;
					};
				};
			};
			buildConfigurationList = 848E8BB223A01727009082BB /* Build configuration list for PBXProject "Landmark Remark" */;
			compatibilityVersion = "Xcode 9.3";
			developmentRegion = en;
			hasScannedForEncodings = 0;
			knownRegions = (
				en,
				Base,
			);
			mainGroup = 848E8BAE23A01727009082BB;
			productRefGroup = 848E8BB823A01727009082BB /* Products */;
			projectDirPath = "";
			projectRoot = "";
			targets = (
				848E8BB623A01727009082BB /* Landmark Remark */,
				848E8BCC23A0172B009082BB /* Landmark RemarkTests */,
				848E8BD723A0172B009082BB /* Landmark RemarkUITests */,
			);
		};
/* End PBXProject section */

/* Begin PBXResourcesBuildPhase section */
		848E8BB523A01727009082BB /* Resources */ = {
			isa = PBXResourcesBuildPhase;
			buildActionMask = 2147483647;
			files = (
				84C3A18623A0363200B7D638 /* Podfile in Resources */,
				848E8BC723A0172B009082BB /* LaunchScreen.storyboard in Resources */,
				84C3A18423A035E100B7D638 /* GoogleService-Info.plist in Resources */,
				848E8BC423A0172A009082BB /* Assets.xcassets in Resources */,
				84C3A19623A3E54B00B7D638 /* NoteDetailMapView.xib in Resources */,
				848E8BC223A01727009082BB /* Main.storyboard in Resources */,
			);
			runOnlyForDeploymentPostprocessing = 0;
		};
		848E8BCB23A0172B009082BB /* Resources */ = {
			isa = PBXResourcesBuildPhase;
			buildActionMask = 2147483647;
			files = (
			);
			runOnlyForDeploymentPostprocessing = 0;
		};
		848E8BD623A0172B009082BB /* Resources */ = {
			isa = PBXResourcesBuildPhase;
			buildActionMask = 2147483647;
			files = (
			);
			runOnlyForDeploymentPostprocessing = 0;
		};
/* End PBXResourcesBuildPhase section */

/* Begin PBXShellScriptBuildPhase section */
		112427E1DA6A79ACC16AF334 /* [CP] Check Pods Manifest.lock */ = {
			isa = PBXShellScriptBuildPhase;
			buildActionMask = 2147483647;
			files = (
			);
			inputFileListPaths = (
			);
			inputPaths = (
				"${PODS_PODFILE_DIR_PATH}/Podfile.lock",
				"${PODS_ROOT}/Manifest.lock",
			);
			name = "[CP] Check Pods Manifest.lock";
			outputFileListPaths = (
			);
			outputPaths = (
				"$(DERIVED_FILE_DIR)/Pods-Landmark RemarkTests-checkManifestLockResult.txt",
			);
			runOnlyForDeploymentPostprocessing = 0;
			shellPath = /bin/sh;
			shellScript = "diff \"${PODS_PODFILE_DIR_PATH}/Podfile.lock\" \"${PODS_ROOT}/Manifest.lock\" > /dev/null\nif [ $? != 0 ] ; then\n    # print error to STDERR\n    echo \"error: The sandbox is not in sync with the Podfile.lock. Run 'pod install' or update your CocoaPods installation.\" >&2\n    exit 1\nfi\n# This output is used by Xcode 'outputs' to avoid re-running this script phase.\necho \"SUCCESS\" > \"${SCRIPT_OUTPUT_FILE_0}\"\n";
			showEnvVarsInLog = 0;
		};
		13271B837A283C8089CB2087 /* [CP] Check Pods Manifest.lock */ = {
			isa = PBXShellScriptBuildPhase;
			buildActionMask = 2147483647;
			files = (
			);
			inputFileListPaths = (
			);
			inputPaths = (
				"${PODS_PODFILE_DIR_PATH}/Podfile.lock",
				"${PODS_ROOT}/Manifest.lock",
			);
			name = "[CP] Check Pods Manifest.lock";
			outputFileListPaths = (
			);
			outputPaths = (
				"$(DERIVED_FILE_DIR)/Pods-Landmark RemarkUITests-checkManifestLockResult.txt",
			);
			runOnlyForDeploymentPostprocessing = 0;
			shellPath = /bin/sh;
			shellScript = "diff \"${PODS_PODFILE_DIR_PATH}/Podfile.lock\" \"${PODS_ROOT}/Manifest.lock\" > /dev/null\nif [ $? != 0 ] ; then\n    # print error to STDERR\n    echo \"error: The sandbox is not in sync with the Podfile.lock. Run 'pod install' or update your CocoaPods installation.\" >&2\n    exit 1\nfi\n# This output is used by Xcode 'outputs' to avoid re-running this script phase.\necho \"SUCCESS\" > \"${SCRIPT_OUTPUT_FILE_0}\"\n";
			showEnvVarsInLog = 0;
		};
		6EDF77B7063AAA23E136CFB9 /* [CP] Embed Pods Frameworks */ = {
			isa = PBXShellScriptBuildPhase;
			buildActionMask = 2147483647;
			files = (
			);
			inputFileListPaths = (
				"${PODS_ROOT}/Target Support Files/Pods-Landmark Remark/Pods-Landmark Remark-frameworks-${CONFIGURATION}-input-files.xcfilelist",
			);
			name = "[CP] Embed Pods Frameworks";
			outputFileListPaths = (
				"${PODS_ROOT}/Target Support Files/Pods-Landmark Remark/Pods-Landmark Remark-frameworks-${CONFIGURATION}-output-files.xcfilelist",
			);
			runOnlyForDeploymentPostprocessing = 0;
			shellPath = /bin/sh;
			shellScript = "\"${PODS_ROOT}/Target Support Files/Pods-Landmark Remark/Pods-Landmark Remark-frameworks.sh\"\n";
			showEnvVarsInLog = 0;
		};
		F5FA44F3E4FE1434489D0AED /* [CP] Check Pods Manifest.lock */ = {
			isa = PBXShellScriptBuildPhase;
			buildActionMask = 2147483647;
			files = (
			);
			inputFileListPaths = (
			);
			inputPaths = (
				"${PODS_PODFILE_DIR_PATH}/Podfile.lock",
				"${PODS_ROOT}/Manifest.lock",
			);
			name = "[CP] Check Pods Manifest.lock";
			outputFileListPaths = (
			);
			outputPaths = (
				"$(DERIVED_FILE_DIR)/Pods-Landmark Remark-checkManifestLockResult.txt",
			);
			runOnlyForDeploymentPostprocessing = 0;
			shellPath = /bin/sh;
			shellScript = "diff \"${PODS_PODFILE_DIR_PATH}/Podfile.lock\" \"${PODS_ROOT}/Manifest.lock\" > /dev/null\nif [ $? != 0 ] ; then\n    # print error to STDERR\n    echo \"error: The sandbox is not in sync with the Podfile.lock. Run 'pod install' or update your CocoaPods installation.\" >&2\n    exit 1\nfi\n# This output is used by Xcode 'outputs' to avoid re-running this script phase.\necho \"SUCCESS\" > \"${SCRIPT_OUTPUT_FILE_0}\"\n";
			showEnvVarsInLog = 0;
		};
/* End PBXShellScriptBuildPhase section */

/* Begin PBXSourcesBuildPhase section */
		848E8BB323A01727009082BB /* Sources */ = {
			isa = PBXSourcesBuildPhase;
			buildActionMask = 2147483647;
			files = (
				84C3A19723A3E54B00B7D638 /* NoteDetailMapView.swift in Sources */,
				848E8BEB23A01745009082BB /* LoginViewController.swift in Sources */,
				848E8BED23A01755009082BB /* SignupViewController.swift in Sources */,
				84C3A18223A02BA900B7D638 /* InitialViewController.swift in Sources */,
				848E8BBB23A01727009082BB /* AppDelegate.swift in Sources */,
				84C3A18D23A3E22700B7D638 /* Constants.swift in Sources */,
				84C3A19523A3E54B00B7D638 /* NotesAnnotationView.swift in Sources */,
				8492DE5423A66AC0004F47FF /* UIView + ActivityIndicator.swift in Sources */,
				84C3A18B23A3DCDF00B7D638 /* DBNote.swift in Sources */,
				848E8BBD23A01727009082BB /* SceneDelegate.swift in Sources */,
				84C3A18F23A3E31700B7D638 /* Utilities.swift in Sources */,
				84C3A19823A3E54B00B7D638 /* NoteAnnotation.swift in Sources */,
				8492DE4E23A61E9A004F47FF /* CreateNoteViewController.swift in Sources */,
				848E8BEF23A01761009082BB /* HomeViewController.swift in Sources */,
			);
			runOnlyForDeploymentPostprocessing = 0;
		};
		848E8BC923A0172B009082BB /* Sources */ = {
			isa = PBXSourcesBuildPhase;
			buildActionMask = 2147483647;
			files = (
				848E8BD223A0172B009082BB /* Landmark_RemarkTests.swift in Sources */,
			);
			runOnlyForDeploymentPostprocessing = 0;
		};
		848E8BD423A0172B009082BB /* Sources */ = {
			isa = PBXSourcesBuildPhase;
			buildActionMask = 2147483647;
			files = (
				848E8BDD23A0172B009082BB /* Landmark_RemarkUITests.swift in Sources */,
			);
			runOnlyForDeploymentPostprocessing = 0;
		};
/* End PBXSourcesBuildPhase section */

/* Begin PBXTargetDependency section */
		848E8BCF23A0172B009082BB /* PBXTargetDependency */ = {
			isa = PBXTargetDependency;
			target = 848E8BB623A01727009082BB /* Landmark Remark */;
			targetProxy = 848E8BCE23A0172B009082BB /* PBXContainerItemProxy */;
		};
		848E8BDA23A0172B009082BB /* PBXTargetDependency */ = {
			isa = PBXTargetDependency;
			target = 848E8BB623A01727009082BB /* Landmark Remark */;
			targetProxy = 848E8BD923A0172B009082BB /* PBXContainerItemProxy */;
		};
/* End PBXTargetDependency section */

/* Begin PBXVariantGroup section */
		848E8BC023A01727009082BB /* Main.storyboard */ = {
			isa = PBXVariantGroup;
			children = (
				848E8BC123A01727009082BB /* Base */,
			);
			name = Main.storyboard;
			sourceTree = "<group>";
		};
		848E8BC523A0172B009082BB /* LaunchScreen.storyboard */ = {
			isa = PBXVariantGroup;
			children = (
				848E8BC623A0172B009082BB /* Base */,
			);
			name = LaunchScreen.storyboard;
			sourceTree = "<group>";
		};
/* End PBXVariantGroup section */

/* Begin XCBuildConfiguration section */
		848E8BDF23A0172B009082BB /* Debug */ = {
			isa = XCBuildConfiguration;
			buildSettings = {
				ALWAYS_SEARCH_USER_PATHS = NO;
				CLANG_ANALYZER_NONNULL = YES;
				CLANG_ANALYZER_NUMBER_OBJECT_CONVERSION = YES_AGGRESSIVE;
				CLANG_CXX_LANGUAGE_STANDARD = "gnu++14";
				CLANG_CXX_LIBRARY = "libc++";
				CLANG_ENABLE_MODULES = YES;
				CLANG_ENABLE_OBJC_ARC = YES;
				CLANG_ENABLE_OBJC_WEAK = YES;
				CLANG_WARN_BLOCK_CAPTURE_AUTORELEASING = YES;
				CLANG_WARN_BOOL_CONVERSION = YES;
				CLANG_WARN_COMMA = YES;
				CLANG_WARN_CONSTANT_CONVERSION = YES;
				CLANG_WARN_DEPRECATED_OBJC_IMPLEMENTATIONS = YES;
				CLANG_WARN_DIRECT_OBJC_ISA_USAGE = YES_ERROR;
				CLANG_WARN_DOCUMENTATION_COMMENTS = YES;
				CLANG_WARN_EMPTY_BODY = YES;
				CLANG_WARN_ENUM_CONVERSION = YES;
				CLANG_WARN_INFINITE_RECURSION = YES;
				CLANG_WARN_INT_CONVERSION = YES;
				CLANG_WARN_NON_LITERAL_NULL_CONVERSION = YES;
				CLANG_WARN_OBJC_IMPLICIT_RETAIN_SELF = YES;
				CLANG_WARN_OBJC_LITERAL_CONVERSION = YES;
				CLANG_WARN_OBJC_ROOT_CLASS = YES_ERROR;
				CLANG_WARN_RANGE_LOOP_ANALYSIS = YES;
				CLANG_WARN_STRICT_PROTOTYPES = YES;
				CLANG_WARN_SUSPICIOUS_MOVE = YES;
				CLANG_WARN_UNGUARDED_AVAILABILITY = YES_AGGRESSIVE;
				CLANG_WARN_UNREACHABLE_CODE = YES;
				CLANG_WARN__DUPLICATE_METHOD_MATCH = YES;
				COPY_PHASE_STRIP = NO;
				DEBUG_INFORMATION_FORMAT = dwarf;
				ENABLE_STRICT_OBJC_MSGSEND = YES;
				ENABLE_TESTABILITY = YES;
				GCC_C_LANGUAGE_STANDARD = gnu11;
				GCC_DYNAMIC_NO_PIC = NO;
				GCC_NO_COMMON_BLOCKS = YES;
				GCC_OPTIMIZATION_LEVEL = 0;
				GCC_PREPROCESSOR_DEFINITIONS = (
					"DEBUG=1",
					"$(inherited)",
				);
				GCC_WARN_64_TO_32_BIT_CONVERSION = YES;
				GCC_WARN_ABOUT_RETURN_TYPE = YES_ERROR;
				GCC_WARN_UNDECLARED_SELECTOR = YES;
				GCC_WARN_UNINITIALIZED_AUTOS = YES_AGGRESSIVE;
				GCC_WARN_UNUSED_FUNCTION = YES;
				GCC_WARN_UNUSED_VARIABLE = YES;
				IPHONEOS_DEPLOYMENT_TARGET = 13.2;
				MTL_ENABLE_DEBUG_INFO = INCLUDE_SOURCE;
				MTL_FAST_MATH = YES;
				ONLY_ACTIVE_ARCH = YES;
				SDKROOT = iphoneos;
				SWIFT_ACTIVE_COMPILATION_CONDITIONS = DEBUG;
				SWIFT_OPTIMIZATION_LEVEL = "-Onone";
			};
			name = Debug;
		};
		848E8BE023A0172B009082BB /* Release */ = {
			isa = XCBuildConfiguration;
			buildSettings = {
				ALWAYS_SEARCH_USER_PATHS = NO;
				CLANG_ANALYZER_NONNULL = YES;
				CLANG_ANALYZER_NUMBER_OBJECT_CONVERSION = YES_AGGRESSIVE;
				CLANG_CXX_LANGUAGE_STANDARD = "gnu++14";
				CLANG_CXX_LIBRARY = "libc++";
				CLANG_ENABLE_MODULES = YES;
				CLANG_ENABLE_OBJC_ARC = YES;
				CLANG_ENABLE_OBJC_WEAK = YES;
				CLANG_WARN_BLOCK_CAPTURE_AUTORELEASING = YES;
				CLANG_WARN_BOOL_CONVERSION = YES;
				CLANG_WARN_COMMA = YES;
				CLANG_WARN_CONSTANT_CONVERSION = YES;
				CLANG_WARN_DEPRECATED_OBJC_IMPLEMENTATIONS = YES;
				CLANG_WARN_DIRECT_OBJC_ISA_USAGE = YES_ERROR;
				CLANG_WARN_DOCUMENTATION_COMMENTS = YES;
				CLANG_WARN_EMPTY_BODY = YES;
				CLANG_WARN_ENUM_CONVERSION = YES;
				CLANG_WARN_INFINITE_RECURSION = YES;
				CLANG_WARN_INT_CONVERSION = YES;
				CLANG_WARN_NON_LITERAL_NULL_CONVERSION = YES;
				CLANG_WARN_OBJC_IMPLICIT_RETAIN_SELF = YES;
				CLANG_WARN_OBJC_LITERAL_CONVERSION = YES;
				CLANG_WARN_OBJC_ROOT_CLASS = YES_ERROR;
				CLANG_WARN_RANGE_LOOP_ANALYSIS = YES;
				CLANG_WARN_STRICT_PROTOTYPES = YES;
				CLANG_WARN_SUSPICIOUS_MOVE = YES;
				CLANG_WARN_UNGUARDED_AVAILABILITY = YES_AGGRESSIVE;
				CLANG_WARN_UNREACHABLE_CODE = YES;
				CLANG_WARN__DUPLICATE_METHOD_MATCH = YES;
				COPY_PHASE_STRIP = NO;
				DEBUG_INFORMATION_FORMAT = "dwarf-with-dsym";
				ENABLE_NS_ASSERTIONS = NO;
				ENABLE_STRICT_OBJC_MSGSEND = YES;
				GCC_C_LANGUAGE_STANDARD = gnu11;
				GCC_NO_COMMON_BLOCKS = YES;
				GCC_WARN_64_TO_32_BIT_CONVERSION = YES;
				GCC_WARN_ABOUT_RETURN_TYPE = YES_ERROR;
				GCC_WARN_UNDECLARED_SELECTOR = YES;
				GCC_WARN_UNINITIALIZED_AUTOS = YES_AGGRESSIVE;
				GCC_WARN_UNUSED_FUNCTION = YES;
				GCC_WARN_UNUSED_VARIABLE = YES;
				IPHONEOS_DEPLOYMENT_TARGET = 13.2;
				MTL_ENABLE_DEBUG_INFO = NO;
				MTL_FAST_MATH = YES;
				SDKROOT = iphoneos;
				SWIFT_COMPILATION_MODE = wholemodule;
				SWIFT_OPTIMIZATION_LEVEL = "-O";
				VALIDATE_PRODUCT = YES;
			};
			name = Release;
		};
		848E8BE223A0172B009082BB /* Debug */ = {
			isa = XCBuildConfiguration;
			baseConfigurationReference = 1A1F77771146FED004F48AAB /* Pods-Landmark Remark.debug.xcconfig */;
			buildSettings = {
				ASSETCATALOG_COMPILER_APPICON_NAME = AppIcon;
				CODE_SIGN_STYLE = Automatic;
				INFOPLIST_FILE = "Landmark Remark/Info.plist";
				LD_RUNPATH_SEARCH_PATHS = (
					"$(inherited)",
					"@executable_path/Frameworks",
				);
				PRODUCT_BUNDLE_IDENTIFIER = "com.ahmad.Landmark-Remark";
				PRODUCT_NAME = "$(TARGET_NAME)";
				SWIFT_VERSION = 5.0;
				TARGETED_DEVICE_FAMILY = "1,2";
			};
			name = Debug;
		};
		848E8BE323A0172B009082BB /* Release */ = {
			isa = XCBuildConfiguration;
			baseConfigurationReference = B9CCCFD010884838D5D0933B /* Pods-Landmark Remark.release.xcconfig */;
			buildSettings = {
				ASSETCATALOG_COMPILER_APPICON_NAME = AppIcon;
				CODE_SIGN_STYLE = Automatic;
				INFOPLIST_FILE = "Landmark Remark/Info.plist";
				LD_RUNPATH_SEARCH_PATHS = (
					"$(inherited)",
					"@executable_path/Frameworks",
				);
				PRODUCT_BUNDLE_IDENTIFIER = "com.ahmad.Landmark-Remark";
				PRODUCT_NAME = "$(TARGET_NAME)";
				SWIFT_VERSION = 5.0;
				TARGETED_DEVICE_FAMILY = "1,2";
			};
			name = Release;
		};
		848E8BE523A0172B009082BB /* Debug */ = {
			isa = XCBuildConfiguration;
			baseConfigurationReference = E3B2998A9769AA6D9D0322AB /* Pods-Landmark RemarkTests.debug.xcconfig */;
			buildSettings = {
				ALWAYS_EMBED_SWIFT_STANDARD_LIBRARIES = YES;
				BUNDLE_LOADER = "$(TEST_HOST)";
				CODE_SIGN_STYLE = Automatic;
				INFOPLIST_FILE = "Landmark RemarkTests/Info.plist";
				IPHONEOS_DEPLOYMENT_TARGET = 13.2;
				LD_RUNPATH_SEARCH_PATHS = (
					"$(inherited)",
					"@executable_path/Frameworks",
					"@loader_path/Frameworks",
				);
				PRODUCT_BUNDLE_IDENTIFIER = "com.ahmad.Landmark-RemarkTests";
				PRODUCT_NAME = "$(TARGET_NAME)";
				SWIFT_VERSION = 5.0;
				TARGETED_DEVICE_FAMILY = "1,2";
				TEST_HOST = "$(BUILT_PRODUCTS_DIR)/Landmark Remark.app/Landmark Remark";
			};
			name = Debug;
		};
		848E8BE623A0172B009082BB /* Release */ = {
			isa = XCBuildConfiguration;
			baseConfigurationReference = CFFE6D5F5303B551E51ABFC1 /* Pods-Landmark RemarkTests.release.xcconfig */;
			buildSettings = {
				ALWAYS_EMBED_SWIFT_STANDARD_LIBRARIES = YES;
				BUNDLE_LOADER = "$(TEST_HOST)";
				CODE_SIGN_STYLE = Automatic;
				INFOPLIST_FILE = "Landmark RemarkTests/Info.plist";
				IPHONEOS_DEPLOYMENT_TARGET = 13.2;
				LD_RUNPATH_SEARCH_PATHS = (
					"$(inherited)",
					"@executable_path/Frameworks",
					"@loader_path/Frameworks",
				);
				PRODUCT_BUNDLE_IDENTIFIER = "com.ahmad.Landmark-RemarkTests";
				PRODUCT_NAME = "$(TARGET_NAME)";
				SWIFT_VERSION = 5.0;
				TARGETED_DEVICE_FAMILY = "1,2";
				TEST_HOST = "$(BUILT_PRODUCTS_DIR)/Landmark Remark.app/Landmark Remark";
			};
			name = Release;
		};
		848E8BE823A0172B009082BB /* Debug */ = {
			isa = XCBuildConfiguration;
			baseConfigurationReference = 56841010D7A2A1F1138D84DD /* Pods-Landmark RemarkUITests.debug.xcconfig */;
			buildSettings = {
				ALWAYS_EMBED_SWIFT_STANDARD_LIBRARIES = YES;
				CODE_SIGN_STYLE = Automatic;
				INFOPLIST_FILE = "Landmark RemarkUITests/Info.plist";
				LD_RUNPATH_SEARCH_PATHS = (
					"$(inherited)",
					"@executable_path/Frameworks",
					"@loader_path/Frameworks",
				);
				PRODUCT_BUNDLE_IDENTIFIER = "com.ahmad.Landmark-RemarkUITests";
				PRODUCT_NAME = "$(TARGET_NAME)";
				SWIFT_VERSION = 5.0;
				TARGETED_DEVICE_FAMILY = "1,2";
				TEST_TARGET_NAME = "Landmark Remark";
			};
			name = Debug;
		};
		848E8BE923A0172B009082BB /* Release */ = {
			isa = XCBuildConfiguration;
			baseConfigurationReference = E1310756F2A6810A6533B5CE /* Pods-Landmark RemarkUITests.release.xcconfig */;
			buildSettings = {
				ALWAYS_EMBED_SWIFT_STANDARD_LIBRARIES = YES;
				CODE_SIGN_STYLE = Automatic;
				INFOPLIST_FILE = "Landmark RemarkUITests/Info.plist";
				LD_RUNPATH_SEARCH_PATHS = (
					"$(inherited)",
					"@executable_path/Frameworks",
					"@loader_path/Frameworks",
				);
				PRODUCT_BUNDLE_IDENTIFIER = "com.ahmad.Landmark-RemarkUITests";
				PRODUCT_NAME = "$(TARGET_NAME)";
				SWIFT_VERSION = 5.0;
				TARGETED_DEVICE_FAMILY = "1,2";
				TEST_TARGET_NAME = "Landmark Remark";
			};
			name = Release;
		};
/* End XCBuildConfiguration section */

/* Begin XCConfigurationList section */
		848E8BB223A01727009082BB /* Build configuration list for PBXProject "Landmark Remark" */ = {
			isa = XCConfigurationList;
			buildConfigurations = (
				848E8BDF23A0172B009082BB /* Debug */,
				848E8BE023A0172B009082BB /* Release */,
			);
			defaultConfigurationIsVisible = 0;
			defaultConfigurationName = Release;
		};
		848E8BE123A0172B009082BB /* Build configuration list for PBXNativeTarget "Landmark Remark" */ = {
			isa = XCConfigurationList;
			buildConfigurations = (
				848E8BE223A0172B009082BB /* Debug */,
				848E8BE323A0172B009082BB /* Release */,
			);
			defaultConfigurationIsVisible = 0;
			defaultConfigurationName = Release;
		};
		848E8BE423A0172B009082BB /* Build configuration list for PBXNativeTarget "Landmark RemarkTests" */ = {
			isa = XCConfigurationList;
			buildConfigurations = (
				848E8BE523A0172B009082BB /* Debug */,
				848E8BE623A0172B009082BB /* Release */,
			);
			defaultConfigurationIsVisible = 0;
			defaultConfigurationName = Release;
		};
		848E8BE723A0172B009082BB /* Build configuration list for PBXNativeTarget "Landmark RemarkUITests" */ = {
			isa = XCConfigurationList;
			buildConfigurations = (
				848E8BE823A0172B009082BB /* Debug */,
				848E8BE923A0172B009082BB /* Release */,
			);
			defaultConfigurationIsVisible = 0;
			defaultConfigurationName = Release;
		};
/* End XCConfigurationList section */
	};
	rootObject = 848E8BAF23A01727009082BB /* Project object */;
}
